{
  "meteor": {},
  "dependencies": {
    "basePackages": {
      "device-detection": {},
      "Mesosphere": {},
      "fonts-handwritten": {}
    },
    "packages": {
      "device-detection": {
        "git": "https://github.com/Mystor/meteor-device-detection.git",
        "tag": "v0.1.4",
        "commit": "9c8db3c2f7d7bd59b361697ab63f006c05aaf089"
      },
      "Mesosphere": {
        "git": "https://github.com/copleykj/Mesosphere.git",
        "tag": "v0.1.4",
        "commit": "a1abf9cfe102cd7f3c617b0198b5c35499e5ea57"
      },
      "fonts-handwritten": {
        "git": "https://github.com/awatson1978/fonts-handwritten.git",
        "tag": "v0.1.0",
        "commit": "8f37bb36c1524b5638aedc191f6a6d003ecd93c7"
      },
      "underscore-string-latest": {
        "git": "https://github.com/TimHeckel/meteor-underscore-string.git",
        "tag": "v2.3.3",
        "commit": "4a5d70eee48fbd90a6e6fc78747250d704a0b3bb"
      }
    }
  }
}
